{
  "nodes": {
    "antigravity-nix": {
      "inputs": {
        "flake-utils": "flake-utils",
        "nixpkgs": [
          "nixpkgs"
        ]
      },
      "locked": {
        "lastModified": 1776411505,
        "narHash": "sha256-7HILfdTOvWzAMmfS3lQV3MDmVrr2Epj8x4c9F3mzOSE=",
        "owner": "jacopone",
        "repo": "antigravity-nix",
        "rev": "9f31d28882185d30c0e3082fbc52dab1cd4e879f",
        "type": "github"
      },
      "original": {
        "owner": "jacopone",
        "repo": "antigravity-nix",
        "type": "github"
      }
    },
    "cachyos-kernel": {
      "flake": false,
      "locked": {
        "lastModified": 1777639499,
        "narHash": "sha256-EyELzah58EHIADP4siMoSzsCOPd71bZkmlVpcUb9Oi8=",
        "owner": "CachyOS",
        "repo": "linux-cachyos",
        "rev": "1c6414dbda46c13abcb951ef6c5a790cb9e157ea",
        "type": "github"
      },
      "original": {
        "owner": "CachyOS",
        "repo": "linux-cachyos",
        "type": "github"
      }
    },
    "cachyos-kernel-patches": {
      "flake": false,
      "locked": {
        "lastModified": 1777306094,
        "narHash": "sha256-YNvqoVdMe/SqXm91cpCA6mVOigK3Zzoab6HPvMiqGqo=",
        "owner": "CachyOS",
        "repo": "kernel-patches",
        "rev": "9bcd294d660c932f55f732d951ee79ea707f64f3",
        "type": "github"
      },
      "original": {
        "owner": "CachyOS",
        "repo": "kernel-patches",
        "type": "github"
      }
    },
    "claude-code-nix": {
      "inputs": {
        "flake-utils": "flake-utils_2",
        "nixpkgs": [
          "nixpkgs"
        ]
      },
      "locked": {
        "lastModified": 1777604373,
        "narHash": "sha256-cQ+Z/fx5o43bD3PFZaz9yeEOVbAH1jqzdOiEP0ytW4M=",
        "owner": "sadjow",
        "repo": "claude-code-nix",
        "rev": "8bd0a84bcfbd7e76eaa1c3421fc59861eb8a8f24",
        "type": "github"
      },
      "original": {
        "owner": "sadjow",
        "repo": "claude-code-nix",
        "type": "github"
      }
    },
    "doom-flake": {
      "inputs": {
        "nix-doom-emacs-unstraightened": "nix-doom-emacs-unstraightened",
        "nixpkgs": "nixpkgs_2"
      },
      "locked": {
        "path": "./flakes/doom-emacs",
        "type": "path"
      },
      "original": {
        "path": "./flakes/doom-emacs",
        "type": "path"
      },
      "parent": []
    },
    "doomemacs": {
      "flake": false,
      "locked": {
        "lastModified": 1777326848,
        "narHash": "sha256-7ErKUgw6Ch7hP1oBjMSos8xXRD+rxxjaOldRn+TcClo=",
        "owner": "doomemacs",
        "repo": "doomemacs",
        "rev": "6be3337b49867bd86f90fe5ca4beeb6b38afaddb",
        "type": "github"
      },
      "original": {
        "owner": "doomemacs",
        "repo": "doomemacs",
        "type": "github"
      }
    },
    "emacs-overlay": {
      "inputs": {
        "nixpkgs": [
          "doom-flake",
          "nix-doom-emacs-unstraightened"
        ],
        "nixpkgs-stable": [
          "doom-flake",
          "nix-doom-emacs-unstraightened"
        ]
      },
      "locked": {
        "lastModified": 1777712875,
        "narHash": "sha256-WVpNYPgTnyoBvpOxQoOh+1HGkFUPGP6qHt6TZoXCSPk=",
        "owner": "nix-community",
        "repo": "emacs-overlay",
        "rev": "0c01d3f81a5df88f78d92e8750dcae295237bf7b",
        "type": "github"
      },
      "original": {
        "owner": "nix-community",
        "repo": "emacs-overlay",
        "type": "github"
      }
    },
    "flake-compat": {
      "flake": false,
      "locked": {
        "lastModified": 1767039857,
        "narHash": "sha256-vNpUSpF5Nuw8xvDLj2KCwwksIbjua2LZCqhV1LNRDns=",
        "owner": "NixOS",
        "repo": "flake-compat",
        "rev": "5edf11c44bc78a0d334f6334cdaf7d60d732daab",
        "type": "github"
      },
      "original": {
        "owner": "NixOS",
        "repo": "flake-compat",
        "type": "github"
      }
    },
    "flake-parts": {
      "inputs": {
        "nixpkgs-lib": "nixpkgs-lib"
      },
      "locked": {
        "lastModified": 1777678872,
        "narHash": "sha256-EPIFsulyon7Z1vLQq5Fk64GR8L7cQsT+IPhcsukVbgk=",
        "owner": "hercules-ci",
        "repo": "flake-parts",
        "rev": "5250617bffd85403b14dbf43c3870e7f255d2c16",
        "type": "github"
      },
      "original": {
        "owner": "hercules-ci",
        "repo": "flake-parts",
        "type": "github"
      }
    },
    "flake-utils": {
      "inputs": {
        "systems": "systems"
      },
      "locked": {
        "lastModified": 1731533236,
        "narHash": "sha256-l0KFg5HjrsfsO/JpG+r7fRrqm12kzFHyUHqHCVpMMbI=",
        "owner": "numtide",
        "repo": "flake-utils",
        "rev": "11707dc2f618dd54ca8739b309ec4fc024de578b",
        "type": "github"
      },
      "original": {
        "owner": "numtide",
        "repo": "flake-utils",
        "type": "github"
      }
    },
    "flake-utils_2": {
      "inputs": {
        "systems": "systems_2"
      },
      "locked": {
        "lastModified": 1731533236,
        "narHash": "sha256-l0KFg5HjrsfsO/JpG+r7fRrqm12kzFHyUHqHCVpMMbI=",
        "owner": "numtide",
        "repo": "flake-utils",
        "rev": "11707dc2f618dd54ca8739b309ec4fc024de578b",
        "type": "github"
      },
      "original": {
        "owner": "numtide",
        "repo": "flake-utils",
        "type": "github"
      }
    },
    "flake-utils_3": {
      "inputs": {
        "systems": "systems_4"
      },
      "locked": {
        "lastModified": 1731533236,
        "narHash": "sha256-l0KFg5HjrsfsO/JpG+r7fRrqm12kzFHyUHqHCVpMMbI=",
        "owner": "numtide",
        "repo": "flake-utils",
        "rev": "11707dc2f618dd54ca8739b309ec4fc024de578b",
        "type": "github"
      },
      "original": {
        "owner": "numtide",
        "repo": "flake-utils",
        "type": "github"
      }
    },
    "harbour": {
      "inputs": {
        "flake-utils": "flake-utils_3",
        "harbour-src": "harbour-src",
        "nixpkgs": [
          "nixpkgs"
        ]
      },
      "locked": {
        "lastModified": 1776422966,
        "narHash": "sha256-8U6rFfQEiypl6O/GewfFFZE+M14WKLfjmbs95ph0azM=",
        "owner": "ankerdata",
        "repo": "harbour-3.2.0core",
        "rev": "5ca87b3ffbbb94358e214358be3e5c9a820a7031",
        "type": "github"
      },
      "original": {
        "owner": "ankerdata",
        "repo": "harbour-3.2.0core",
        "type": "github"
      }
    },
    "harbour-src": {
      "flake": false,
      "locked": {
        "lastModified": 1776422966,
        "narHash": "sha256-8U6rFfQEiypl6O/GewfFFZE+M14WKLfjmbs95ph0azM=",
        "owner": "ankerdata",
        "repo": "harbour-3.2.0core",
        "rev": "5ca87b3ffbbb94358e214358be3e5c9a820a7031",
        "type": "github"
      },
      "original": {
        "owner": "ankerdata",
        "repo": "harbour-3.2.0core",
        "type": "github"
      }
    },
    "home-manager": {
      "inputs": {
        "nixpkgs": [
          "nixpkgs"
        ]
      },
      "locked": {
        "lastModified": 1777852249,
        "narHash": "sha256-XdbGWnFlX4McOEG5NioVsp35Ic6XL/rXnp8as71cu6o=",
        "owner": "nix-community",
        "repo": "home-manager",
        "rev": "c909892de502b4de9e92838a503c09a9c8ebe4aa",
        "type": "github"
      },
      "original": {
        "owner": "nix-community",
        "repo": "home-manager",
        "type": "github"
      }
    },
    "loom": {
      "inputs": {
        "nixpkgs": [
          "nixpkgs"
        ]
      },
      "locked": {
        "lastModified": 1777886480,
        "narHash": "sha256-DAE5lIprB6DNXTlQRbUQ1/sjVTPDaVythWirh4phTDs=",
        "owner": "aidan-bailey",
        "repo": "loom",
        "rev": "ed4aa7d882983756d7c6f6e5e1acd28993557068",
        "type": "github"
      },
      "original": {
        "owner": "aidan-bailey",
        "repo": "loom",
        "type": "github"
      }
    },
    "nix-cachyos-kernel": {
      "inputs": {
        "cachyos-kernel": "cachyos-kernel",
        "cachyos-kernel-patches": "cachyos-kernel-patches",
        "flake-compat": "flake-compat",
        "flake-parts": "flake-parts",
        "nixpkgs": "nixpkgs_3"
      },
      "locked": {
        "lastModified": 1777833240,
        "narHash": "sha256-7mo5njh/3Th0N8vE/rJRPV2kmTPhuhFQe6E9Y3JvToc=",
        "owner": "xddxdd",
        "repo": "nix-cachyos-kernel",
        "rev": "2a54d924dd2267f7f3aecf2ab317f6972aed0963",
        "type": "github"
      },
      "original": {
        "owner": "xddxdd",
        "ref": "release",
        "repo": "nix-cachyos-kernel",
        "type": "github"
      }
    },
    "nix-doom-emacs-unstraightened": {
      "inputs": {
        "doomemacs": "doomemacs",
        "emacs-overlay": "emacs-overlay",
        "nixpkgs": "nixpkgs",
        "systems": "systems_3"
      },
      "locked": {
        "lastModified": 1777714515,
        "narHash": "sha256-+zWBvULVf6KA0517tj4jl+XaY8fwbaWY8+xLoGeoAlY=",
        "owner": "marienz",
        "repo": "nix-doom-emacs-unstraightened",
        "rev": "aeed34ebdbb0c11a7340ac3cb1900619452d7540",
        "type": "github"
      },
      "original": {
        "owner": "marienz",
        "repo": "nix-doom-emacs-unstraightened",
        "type": "github"
      }
    },
    "nixarr": {
      "inputs": {
        "nixpkgs": "nixpkgs_4",
        "treefmt-nix": "treefmt-nix",
        "vpnconfinement": "vpnconfinement",
        "website-builder": "website-builder"
      },
      "locked": {
        "lastModified": 1777494713,
        "narHash": "sha256-Oc40uwOEZaCArzpVSuYpMUr+I+MhiRXM2SS0TCu9ars=",
        "owner": "rasmus-kirk",
        "repo": "nixarr",
        "rev": "7eae4e19577017e1919a3a74f89b5ee52942f641",
        "type": "github"
      },
      "original": {
        "owner": "rasmus-kirk",
        "repo": "nixarr",
        "type": "github"
      }
    },
    "nixpkgs": {
      "locked": {
        "lastModified": 1777548390,
        "narHash": "sha256-WacE23EbHTsBKvr8cu+1DFNbP6Rh1brHUH5SDUI0NQI=",
        "owner": "NixOS",
        "repo": "nixpkgs",
        "rev": "7aaa00e7cc9be6c316cb5f6617bd740dd435c59d",
        "type": "github"
      },
      "original": {
        "id": "nixpkgs",
        "type": "indirect"
      }
    },
    "nixpkgs-lib": {
      "locked": {
        "lastModified": 1777168982,
        "narHash": "sha256-GOkGPcboWE9BmGCRMLX3worL4EMnsnG8MyKmXNeYuhQ=",
        "owner": "nix-community",
        "repo": "nixpkgs.lib",
        "rev": "f5901329dade4a6ea039af1433fb087bd9c1fe14",
        "type": "github"
      },
      "original": {
        "owner": "nix-community",
        "repo": "nixpkgs.lib",
        "type": "github"
      }
    },
    "nixpkgs_2": {
      "locked": {
        "lastModified": 1777578337,
        "narHash": "sha256-Ad49moKWeXtKBJNy2ebiTQUEgdLyvGmTeykAQ9xM+Z4=",
        "owner": "NixOS",
        "repo": "nixpkgs",
        "rev": "15f4ee454b1dce334612fa6843b3e05cf546efab",
        "type": "github"
      },
      "original": {
        "owner": "NixOS",
        "ref": "nixos-unstable",
        "repo": "nixpkgs",
        "type": "github"
      }
    },
    "nixpkgs_3": {
      "locked": {
        "lastModified": 1777804810,
        "narHash": "sha256-Lkk+9qctMKwRKOmKfS2EXjwK9BtfRWqnrrpWtruHRoM=",
        "owner": "NixOS",
        "repo": "nixpkgs",
        "rev": "3ec981fde07e98a9a5b2481594a373a6a9a4c371",
        "type": "github"
      },
      "original": {
        "owner": "NixOS",
        "ref": "nixos-unstable-small",
        "repo": "nixpkgs",
        "type": "github"
      }
    },
    "nixpkgs_4": {
      "locked": {
        "lastModified": 1775595990,
        "narHash": "sha256-OEf7YqhF9IjJFYZJyuhAypgU+VsRB5lD4DuiMws5Ltc=",
        "owner": "nixos",
        "repo": "nixpkgs",
        "rev": "4e92bbcdb030f3b4782be4751dc08e6b6cb6ccf2",
        "type": "github"
      },
      "original": {
        "owner": "nixos",
        "ref": "nixos-25.11",
        "repo": "nixpkgs",
        "type": "github"
      }
    },
    "nixpkgs_5": {
      "locked": {
        "lastModified": 1777578337,
        "narHash": "sha256-Ad49moKWeXtKBJNy2ebiTQUEgdLyvGmTeykAQ9xM+Z4=",
        "owner": "NixOS",
        "repo": "nixpkgs",
        "rev": "15f4ee454b1dce334612fa6843b3e05cf546efab",
        "type": "github"
      },
      "original": {
        "owner": "NixOS",
        "ref": "nixos-unstable",
        "repo": "nixpkgs",
        "type": "github"
      }
    },
    "root": {
      "inputs": {
        "antigravity-nix": "antigravity-nix",
        "claude-code-nix": "claude-code-nix",
        "doom-flake": "doom-flake",
        "harbour": "harbour",
        "home-manager": "home-manager",
        "loom": "loom",
        "nix-cachyos-kernel": "nix-cachyos-kernel",
        "nixarr": "nixarr",
        "nixpkgs": "nixpkgs_5",
        "rust-overlay": "rust-overlay",
        "sops-nix": "sops-nix"
      }
    },
    "rust-overlay": {
      "inputs": {
        "nixpkgs": [
          "nixpkgs"
        ]
      },
      "locked": {
        "lastModified": 1777864665,
        "narHash": "sha256-oE4lnjiBa3uE+dP9jM0jFzofP1xYIlK6IQBjLfWjH04=",
        "owner": "oxalica",
        "repo": "rust-overlay",
        "rev": "669151bbc7f2416b622af2f48e9136e2c9da5530",
        "type": "github"
      },
      "original": {
        "owner": "oxalica",
        "repo": "rust-overlay",
        "type": "github"
      }
    },
    "sops-nix": {
      "inputs": {
        "nixpkgs": [
          "nixpkgs"
        ]
      },
      "locked": {
        "lastModified": 1777338324,
        "narHash": "sha256-bc+ZZCmOTNq86/svGnw0tVpH7vJaLYvGLLKFYP08Q8E=",
        "owner": "Mic92",
        "repo": "sops-nix",
        "rev": "8eaee5c45428b28b8c47a83e4c09dccec5f279b5",
        "type": "github"
      },
      "original": {
        "owner": "Mic92",
        "repo": "sops-nix",
        "type": "github"
      }
    },
    "systems": {
      "locked": {
        "lastModified": 1681028828,
        "narHash": "sha256-Vy1rq5AaRuLzOxct8nz4T6wlgyUR7zLU309k9mBC768=",
        "owner": "nix-systems",
        "repo": "default",
        "rev": "da67096a3b9bf56a91d16901293e51ba5b49a27e",
        "type": "github"
      },
      "original": {
        "owner": "nix-systems",
        "repo": "default",
        "type": "github"
      }
    },
    "systems_2": {
      "locked": {
        "lastModified": 1681028828,
        "narHash": "sha256-Vy1rq5AaRuLzOxct8nz4T6wlgyUR7zLU309k9mBC768=",
        "owner": "nix-systems",
        "repo": "default",
        "rev": "da67096a3b9bf56a91d16901293e51ba5b49a27e",
        "type": "github"
      },
      "original": {
        "owner": "nix-systems",
        "repo": "default",
        "type": "github"
      }
    },
    "systems_3": {
      "locked": {
        "lastModified": 1681028828,
        "narHash": "sha256-Vy1rq5AaRuLzOxct8nz4T6wlgyUR7zLU309k9mBC768=",
        "owner": "nix-systems",
        "repo": "default",
        "rev": "da67096a3b9bf56a91d16901293e51ba5b49a27e",
        "type": "github"
      },
      "original": {
        "owner": "nix-systems",
        "repo": "default",
        "type": "github"
      }
    },
    "systems_4": {
      "locked": {
        "lastModified": 1681028828,
        "narHash": "sha256-Vy1rq5AaRuLzOxct8nz4T6wlgyUR7zLU309k9mBC768=",
        "owner": "nix-systems",
        "repo": "default",
        "rev": "da67096a3b9bf56a91d16901293e51ba5b49a27e",
        "type": "github"
      },
      "original": {
        "owner": "nix-systems",
        "repo": "default",
        "type": "github"
      }
    },
    "treefmt-nix": {
      "inputs": {
        "nixpkgs": [
          "nixarr",
          "nixpkgs"
        ]
      },
      "locked": {
        "lastModified": 1775125835,
        "narHash": "sha256-2qYcPgzFhnQWchHo0SlqLHrXpux5i6ay6UHA+v2iH4U=",
        "owner": "numtide",
        "repo": "treefmt-nix",
        "rev": "75925962939880974e3ab417879daffcba36c4a3",
        "type": "github"
      },
      "original": {
        "owner": "numtide",
        "repo": "treefmt-nix",
        "type": "github"
      }
    },
    "vpnconfinement": {
      "locked": {
        "lastModified": 1767604552,
        "narHash": "sha256-FddhMxnc99KYOZ/S3YNqtDSoxisIhVtJ7L4s8XD2u0A=",
        "owner": "Maroka-chan",
        "repo": "VPN-Confinement",
        "rev": "a6b2da727853886876fd1081d6bb2880752937f3",
        "type": "github"
      },
      "original": {
        "owner": "Maroka-chan",
        "repo": "VPN-Confinement",
        "type": "github"
      }
    },
    "website-builder": {
      "inputs": {
        "nixpkgs": [
          "nixarr",
          "nixpkgs"
        ]
      },
      "locked": {
        "lastModified": 1771957511,
        "narHash": "sha256-MxpsyVQguwmeN40gblvcYLtL4xiriGYB6UyP+JergpQ=",
        "owner": "rasmus-kirk",
        "repo": "website-builder",
        "rev": "896af41c1a01f934799356f1f51cfddff2abda82",
        "type": "github"
      },
      "original": {
        "owner": "rasmus-kirk",
        "repo": "website-builder",
        "type": "github"
      }
    }
  },
  "root": "root",
  "version": 7
}
